Microsoft Visual Studio Solution File, Format Version 12.00
# Visual Studio Version 17
VisualStudioVersion = 17.13.35825.156
MinimumVisualStudioVersion = 10.0.40219.1
Project("{FAE04EC0-301F-11D3-BF4B-00C04F79EFBC}") = "0306241284_NguyenKhanhHuy", "0306241284_NguyenKhanhHuy.csproj", "{7B16740D-AB48-A0E4-8B80-E2F993DEBCF4}"
EndProject
Global
	GlobalSection(SolutionConfigurationPlatforms) = preSolution
		Debug|Any CPU = Debug|Any CPU
		Release|Any CPU = Release|Any CPU
	EndGlobalSection
	GlobalSection(ProjectConfigurationPlatforms) = postSolution
		{7B16740D-AB48-A0E4-8B80-E2F993DEBCF4}.Debug|Any CPU.ActiveCfg = Debug|Any CPU
		{7B16740D-AB48-A0E4-8B80-E2F993DEBCF4}.Debug|Any CPU.Build.0 = Debug|Any CPU
		{7B16740D-AB48-A0E4-8B80-E2F993DEBCF4}.Release|Any CPU.ActiveCfg = Release|Any CPU
		{7B16740D-AB48-A0E4-8B80-E2F993DEBCF4}.Release|Any CPU.Build.0 = Release|Any CPU
	EndGlobalSection
	GlobalSection(SolutionProperties) = preSolution
		HideSolutionNode = FALSE
	EndGlobalSection
	GlobalSection(ExtensibilityGlobals) = postSolution
		SolutionGuid = {611EC56D-329C-416B-8903-FF955F7D0E8B}
	EndGlobalSection
EndGlobal
